
Microsoft Visual Studio Solution File, Format Version 12.00
# Visual Studio 15
VisualStudioVersion = 15.0.28307.168
MinimumVisualStudioVersion = 10.0.40219.1
Project("{8BC9CEB8-8B4A-11D0-8D11-00A0C91BC942}") = "Cpp-Interface-Example", "Cpp-Interface-Example\Cpp-Interface-Example.vcxproj", "{A6B03C62-6126-4487-91BF-696864EFC781}"
EndProject
Global
	GlobalSection(SolutionConfigurationPlatforms) = preSolution
		Debug|x64 = Debug|x64
		Debug|x86 = Debug|x86
		Release|x64 = Release|x64
		Release|x86 = Release|x86
	EndGlobalSection
	GlobalSection(ProjectConfigurationPlatforms) = postSolution
		{A6B03C62-6126-4487-91BF-696864EFC781}.Debug|x64.ActiveCfg = Debug|x64
		{A6B03C62-6126-4487-91BF-696864EFC781}.Debug|x64.Build.0 = Debug|x64
		{A6B03C62-6126-4487-91BF-696864EFC781}.Debug|x86.ActiveCfg = Debug|Win32
		{A6B03C62-6126-4487-91BF-696864EFC781}.Debug|x86.Build.0 = Debug|Win32
		{A6B03C62-6126-4487-91BF-696864EFC781}.Release|x64.ActiveCfg = Release|x64
		{A6B03C62-6126-4487-91BF-696864EFC781}.Release|x64.Build.0 = Release|x64
		{A6B03C62-6126-4487-91BF-696864EFC781}.Release|x86.ActiveCfg = Release|Win32
		{A6B03C62-6126-4487-91BF-696864EFC781}.Release|x86.Build.0 = Release|Win32
	EndGlobalSection
	GlobalSection(SolutionProperties) = preSolution
		HideSolutionNode = FALSE
	EndGlobalSection
	GlobalSection(ExtensibilityGlobals) = postSolution
		SolutionGuid = {B8716EDD-609D-492E-B925-7C9CA54243C8}
	EndGlobalSection
EndGlobal
